
Microsoft Visual Studio Solution File, Format Version 12.00
# Visual Studio Version 17
VisualStudioVersion = 17.14.36414.22 d17.14
MinimumVisualStudioVersion = 10.0.40219.1
Project("{FAE04EC0-301F-11D3-BF4B-00C04F79EFBC}") = "ImageProcessor", "ImageProcessor\ImageProcessor.csproj", "{1D9E8D10-6B98-42D1-B7F5-9AE4397BEDC2}"
EndProject
Global
	GlobalSection(SolutionConfigurationPlatforms) = preSolution
		Debug|Any CPU = Debug|Any CPU
		Release|Any CPU = Release|Any CPU
	EndGlobalSection
	GlobalSection(ProjectConfigurationPlatforms) = postSolution
		{1D9E8D10-6B98-42D1-B7F5-9AE4397BEDC2}.Debug|Any CPU.ActiveCfg = Debug|Any CPU
		{1D9E8D10-6B98-42D1-B7F5-9AE4397BEDC2}.Debug|Any CPU.Build.0 = Debug|Any CPU
		{1D9E8D10-6B98-42D1-B7F5-9AE4397BEDC2}.Release|Any CPU.ActiveCfg = Release|Any CPU
		{1D9E8D10-6B98-42D1-B7F5-9AE4397BEDC2}.Release|Any CPU.Build.0 = Release|Any CPU
	EndGlobalSection
	GlobalSection(SolutionProperties) = preSolution
		HideSolutionNode = FALSE
	EndGlobalSection
	GlobalSection(ExtensibilityGlobals) = postSolution
		SolutionGuid = {4AB7D37C-A542-4909-81E8-7E0148505E6A}
	EndGlobalSection
EndGlobal
